{
  "name": "nodejs",
  "version": "1.0.0",
  "lockfileVersion": 2,
  "requires": true,
  "packages": {
    "": {
      "name": "nodejs",
      "version": "1.0.0",
      "license": "ISC",
      "dependencies": {
        "@types/node": "^22.13.11",
        "mc-build": "^3.5.1"
      }
    },
    "node_modules/@types/node": {
      "version": "22.13.11",
      "resolved": "https://registry.npmjs.org/@types/node/-/node-22.13.11.tgz",
      "integrity": "sha512-iEUCUJoU0i3VnrCmgoWCXttklWcvoCIx4jzcP22fioIVSdTmjgoEvmAO/QPw6TcS9k5FrNgn4w7q5lGOd1CT5g==",
      "license": "MIT",
      "dependencies": {
        "undici-types": "~6.20.0"
      }
    },
    "node_modules/mc-build": {
      "version": "3.5.1",
      "resolved": "https://registry.npmjs.org/mc-build/-/mc-build-3.5.1.tgz",
      "integrity": "sha512-bySCg9VA+V0++SqfJrBcPxU9t8UrifcecGpXAR/21kqV4uWItoo12MqBSN3bI6f51j3vbVIrdOAH+PiWBp5S7w==",
      "license": "MIT",
      "bin": {
        "mc-build": "dist/mcb.js",
        "mcb": "dist/mcb.js",
        "mcb3": "dist/mcb.js"
      }
    },
    "node_modules/undici-types": {
      "version": "6.20.0",
      "resolved": "https://registry.npmjs.org/undici-types/-/undici-types-6.20.0.tgz",
      "integrity": "sha512-Ny6QZ2Nju20vw1SRHe3d9jVu6gJ+4e3+MMpqu7pqE5HT6WsTSlce++GQmK5UXS8mzV8DSYHrQH+Xrf2jVcuKNg==",
      "license": "MIT"
    }
  },
  "dependencies": {
    "@types/node": {
      "version": "22.13.11",
      "resolved": "https://registry.npmjs.org/@types/node/-/node-22.13.11.tgz",
      "integrity": "sha512-iEUCUJoU0i3VnrCmgoWCXttklWcvoCIx4jzcP22fioIVSdTmjgoEvmAO/QPw6TcS9k5FrNgn4w7q5lGOd1CT5g==",
      "requires": {
        "undici-types": "~6.20.0"
      }
    },
    "mc-build": {
      "version": "3.5.1",
      "resolved": "https://registry.npmjs.org/mc-build/-/mc-build-3.5.1.tgz",
      "integrity": "sha512-bySCg9VA+V0++SqfJrBcPxU9t8UrifcecGpXAR/21kqV4uWItoo12MqBSN3bI6f51j3vbVIrdOAH+PiWBp5S7w=="
    },
    "undici-types": {
      "version": "6.20.0",
      "resolved": "https://registry.npmjs.org/undici-types/-/undici-types-6.20.0.tgz",
      "integrity": "sha512-Ny6QZ2Nju20vw1SRHe3d9jVu6gJ+4e3+MMpqu7pqE5HT6WsTSlce++GQmK5UXS8mzV8DSYHrQH+Xrf2jVcuKNg=="
    }
  }
}
